
Microsoft Visual Studio Solution File, Format Version 12.00
# Visual Studio 15
VisualStudioVersion = 15.0.27130.2027
MinimumVisualStudioVersion = 10.0.40219.1
Project("{FAE04EC0-301F-11D3-BF4B-00C04F79EFBC}") = "AssistantCore", "AssistantCore\AssistantCore.csproj", "{BA27BAB1-F55D-4AF0-B899-7EB7A382A21C}"
EndProject
Project("{2150E333-8FDC-42A3-9474-1A3956D46DE8}") = "Plugins", "Plugins", "{72784A8A-06A0-4585-89D9-158A88909CC9}"
EndProject
Project("{2150E333-8FDC-42A3-9474-1A3956D46DE8}") = "UI", "UI", "{3CF0AE50-DB6A-49A3-9713-AF22A5ACB5F2}"
EndProject
Project("{FAE04EC0-301F-11D3-BF4B-00C04F79EFBC}") = "VoiceUI", "UI\VoiceUI\VoiceUI.csproj", "{0E3B655B-438E-45AC-AB40-EFAFBFCB290A}"
EndProject
Project("{FAE04EC0-301F-11D3-BF4B-00C04F79EFBC}") = "ConsoleUI", "UI\ConsoleUI\ConsoleUI.csproj", "{7FD1CA7C-5538-4761-9D4C-749A69B9BC10}"
EndProject
Project("{FAE04EC0-301F-11D3-BF4B-00C04F79EFBC}") = "TestPlugin", "Plugins\TestPlugin\TestPlugin.csproj", "{5A7B05A4-749C-42CB-A55E-ED54D5B796FC}"
EndProject
Project("{FAE04EC0-301F-11D3-BF4B-00C04F79EFBC}") = "MusicPlugin", "Plugins\MusicPlugin\MusicPlugin.csproj", "{EEF5B8CB-D5D5-4A8F-A629-AE74270A809C}"
EndProject
Project("{FAE04EC0-301F-11D3-BF4B-00C04F79EFBC}") = "WeatherPlugin", "Plugins\WeatherPlugin\WeatherPlugin.csproj", "{86FFA72D-6BF0-492D-97F7-683AB743AE21}"
EndProject
Project("{2150E333-8FDC-42A3-9474-1A3956D46DE8}") = "Helpers", "Helpers", "{E38095AF-88A5-4162-922D-AA6A4A7ADB53}"
EndProject
Project("{FAE04EC0-301F-11D3-BF4B-00C04F79EFBC}") = "SystemHelpers", "Helpers\SystemHelpers\SystemHelpers.csproj", "{0CC6FBBA-E554-434D-8617-39A270736B02}"
EndProject
Project("{FAE04EC0-301F-11D3-BF4B-00C04F79EFBC}") = "TimerPlugin", "Plugins\TimerPlugin\TimerPlugin.csproj", "{AD7DCC28-721C-4EC9-B743-BC7D6DCE07EC}"
EndProject
Project("{FAE04EC0-301F-11D3-BF4B-00C04F79EFBC}") = "ParsingHelpers", "Helpers\ParsingHelpers\ParsingHelpers.csproj", "{92A260D4-9604-47D3-AACE-34F0E5D28252}"
EndProject
Project("{FAE04EC0-301F-11D3-BF4B-00C04F79EFBC}") = "TranslationHelper", "Helpers\TranslationHelper\TranslationHelper.csproj", "{113783EC-C84A-499B-9C28-BB22C8374BBE}"
EndProject
Global
	GlobalSection(SolutionConfigurationPlatforms) = preSolution
		Debug|Any CPU = Debug|Any CPU
		Release|Any CPU = Release|Any CPU
	EndGlobalSection
	GlobalSection(ProjectConfigurationPlatforms) = postSolution
		{BA27BAB1-F55D-4AF0-B899-7EB7A382A21C}.Debug|Any CPU.ActiveCfg = Debug|Any CPU
		{BA27BAB1-F55D-4AF0-B899-7EB7A382A21C}.Debug|Any CPU.Build.0 = Debug|Any CPU
		{BA27BAB1-F55D-4AF0-B899-7EB7A382A21C}.Release|Any CPU.ActiveCfg = Release|Any CPU
		{BA27BAB1-F55D-4AF0-B899-7EB7A382A21C}.Release|Any CPU.Build.0 = Release|Any CPU
		{0E3B655B-438E-45AC-AB40-EFAFBFCB290A}.Debug|Any CPU.ActiveCfg = Debug|Any CPU
		{0E3B655B-438E-45AC-AB40-EFAFBFCB290A}.Debug|Any CPU.Build.0 = Debug|Any CPU
		{0E3B655B-438E-45AC-AB40-EFAFBFCB290A}.Release|Any CPU.ActiveCfg = Release|Any CPU
		{0E3B655B-438E-45AC-AB40-EFAFBFCB290A}.Release|Any CPU.Build.0 = Release|Any CPU
		{7FD1CA7C-5538-4761-9D4C-749A69B9BC10}.Debug|Any CPU.ActiveCfg = Debug|Any CPU
		{7FD1CA7C-5538-4761-9D4C-749A69B9BC10}.Debug|Any CPU.Build.0 = Debug|Any CPU
		{7FD1CA7C-5538-4761-9D4C-749A69B9BC10}.Release|Any CPU.ActiveCfg = Release|Any CPU
		{7FD1CA7C-5538-4761-9D4C-749A69B9BC10}.Release|Any CPU.Build.0 = Release|Any CPU
		{5A7B05A4-749C-42CB-A55E-ED54D5B796FC}.Debug|Any CPU.ActiveCfg = Debug|Any CPU
		{5A7B05A4-749C-42CB-A55E-ED54D5B796FC}.Debug|Any CPU.Build.0 = Debug|Any CPU
		{5A7B05A4-749C-42CB-A55E-ED54D5B796FC}.Release|Any CPU.ActiveCfg = Release|Any CPU
		{5A7B05A4-749C-42CB-A55E-ED54D5B796FC}.Release|Any CPU.Build.0 = Release|Any CPU
		{EEF5B8CB-D5D5-4A8F-A629-AE74270A809C}.Debug|Any CPU.ActiveCfg = Debug|Any CPU
		{EEF5B8CB-D5D5-4A8F-A629-AE74270A809C}.Debug|Any CPU.Build.0 = Debug|Any CPU
		{EEF5B8CB-D5D5-4A8F-A629-AE74270A809C}.Release|Any CPU.ActiveCfg = Release|Any CPU
		{EEF5B8CB-D5D5-4A8F-A629-AE74270A809C}.Release|Any CPU.Build.0 = Release|Any CPU
		{86FFA72D-6BF0-492D-97F7-683AB743AE21}.Debug|Any CPU.ActiveCfg = Debug|Any CPU
		{86FFA72D-6BF0-492D-97F7-683AB743AE21}.Debug|Any CPU.Build.0 = Debug|Any CPU
		{86FFA72D-6BF0-492D-97F7-683AB743AE21}.Release|Any CPU.ActiveCfg = Release|Any CPU
		{86FFA72D-6BF0-492D-97F7-683AB743AE21}.Release|Any CPU.Build.0 = Release|Any CPU
		{0CC6FBBA-E554-434D-8617-39A270736B02}.Debug|Any CPU.ActiveCfg = Debug|Any CPU
		{0CC6FBBA-E554-434D-8617-39A270736B02}.Debug|Any CPU.Build.0 = Debug|Any CPU
		{0CC6FBBA-E554-434D-8617-39A270736B02}.Release|Any CPU.ActiveCfg = Release|Any CPU
		{0CC6FBBA-E554-434D-8617-39A270736B02}.Release|Any CPU.Build.0 = Release|Any CPU
		{AD7DCC28-721C-4EC9-B743-BC7D6DCE07EC}.Debug|Any CPU.ActiveCfg = Debug|Any CPU
		{AD7DCC28-721C-4EC9-B743-BC7D6DCE07EC}.Debug|Any CPU.Build.0 = Debug|Any CPU
		{AD7DCC28-721C-4EC9-B743-BC7D6DCE07EC}.Release|Any CPU.ActiveCfg = Release|Any CPU
		{AD7DCC28-721C-4EC9-B743-BC7D6DCE07EC}.Release|Any CPU.Build.0 = Release|Any CPU
		{92A260D4-9604-47D3-AACE-34F0E5D28252}.Debug|Any CPU.ActiveCfg = Debug|Any CPU
		{92A260D4-9604-47D3-AACE-34F0E5D28252}.Debug|Any CPU.Build.0 = Debug|Any CPU
		{92A260D4-9604-47D3-AACE-34F0E5D28252}.Release|Any CPU.ActiveCfg = Release|Any CPU
		{92A260D4-9604-47D3-AACE-34F0E5D28252}.Release|Any CPU.Build.0 = Release|Any CPU
		{113783EC-C84A-499B-9C28-BB22C8374BBE}.Debug|Any CPU.ActiveCfg = Debug|Any CPU
		{113783EC-C84A-499B-9C28-BB22C8374BBE}.Debug|Any CPU.Build.0 = Debug|Any CPU
		{113783EC-C84A-499B-9C28-BB22C8374BBE}.Release|Any CPU.ActiveCfg = Release|Any CPU
		{113783EC-C84A-499B-9C28-BB22C8374BBE}.Release|Any CPU.Build.0 = Release|Any CPU
	EndGlobalSection
	GlobalSection(SolutionProperties) = preSolution
		HideSolutionNode = FALSE
	EndGlobalSection
	GlobalSection(NestedProjects) = preSolution
		{0E3B655B-438E-45AC-AB40-EFAFBFCB290A} = {3CF0AE50-DB6A-49A3-9713-AF22A5ACB5F2}
		{7FD1CA7C-5538-4761-9D4C-749A69B9BC10} = {3CF0AE50-DB6A-49A3-9713-AF22A5ACB5F2}
		{5A7B05A4-749C-42CB-A55E-ED54D5B796FC} = {72784A8A-06A0-4585-89D9-158A88909CC9}
		{EEF5B8CB-D5D5-4A8F-A629-AE74270A809C} = {72784A8A-06A0-4585-89D9-158A88909CC9}
		{86FFA72D-6BF0-492D-97F7-683AB743AE21} = {72784A8A-06A0-4585-89D9-158A88909CC9}
		{0CC6FBBA-E554-434D-8617-39A270736B02} = {E38095AF-88A5-4162-922D-AA6A4A7ADB53}
		{AD7DCC28-721C-4EC9-B743-BC7D6DCE07EC} = {72784A8A-06A0-4585-89D9-158A88909CC9}
		{92A260D4-9604-47D3-AACE-34F0E5D28252} = {E38095AF-88A5-4162-922D-AA6A4A7ADB53}
		{113783EC-C84A-499B-9C28-BB22C8374BBE} = {E38095AF-88A5-4162-922D-AA6A4A7ADB53}
	EndGlobalSection
	GlobalSection(ExtensibilityGlobals) = postSolution
		SolutionGuid = {9CFE0D9C-190F-47DC-B710-706BB6988160}
	EndGlobalSection
EndGlobal
